
Microsoft Visual Studio Solution File, Format Version 12.00
# Visual Studio Version 16
VisualStudioVersion = 16.0.29020.237
MinimumVisualStudioVersion = 10.0.40219.1
Project("{9A19103F-16F7-4668-BE54-9A1E7A4F7556}") = "QuickWatermarkTool", "QuickWatermarkTool\QuickWatermarkTool.csproj", "{6F2D8DED-B273-4D78-97E1-F948A1DE7C76}"
EndProject
Project("{2150E333-8FDC-42A3-9474-1A3956D46DE8}") = "Solution Items", "Solution Items", "{98248947-CB98-48A2-8089-D6A431FBE862}"
	ProjectSection(SolutionItems) = preProject
		publish.ps1 = publish.ps1
	EndProjectSection
EndProject
Global
	GlobalSection(SolutionConfigurationPlatforms) = preSolution
		Debug|Any CPU = Debug|Any CPU
		Release|Any CPU = Release|Any CPU
	EndGlobalSection
	GlobalSection(ProjectConfigurationPlatforms) = postSolution
		{6F2D8DED-B273-4D78-97E1-F948A1DE7C76}.Debug|Any CPU.ActiveCfg = Debug|Any CPU
		{6F2D8DED-B273-4D78-97E1-F948A1DE7C76}.Debug|Any CPU.Build.0 = Debug|Any CPU
		{6F2D8DED-B273-4D78-97E1-F948A1DE7C76}.Release|Any CPU.ActiveCfg = Release|Any CPU
		{6F2D8DED-B273-4D78-97E1-F948A1DE7C76}.Release|Any CPU.Build.0 = Release|Any CPU
	EndGlobalSection
	GlobalSection(SolutionProperties) = preSolution
		HideSolutionNode = FALSE
	EndGlobalSection
	GlobalSection(ExtensibilityGlobals) = postSolution
		SolutionGuid = {C898644B-DF51-4DF8-95B8-D0D5F1793EF6}
	EndGlobalSection
EndGlobal
